
Microsoft Visual Studio Solution File, Format Version 12.00
# Visual Studio Version 16
VisualStudioVersion = 16.0.29519.181
MinimumVisualStudioVersion = 10.0.40219.1
Project("{FAE04EC0-301F-11D3-BF4B-00C04F79EFBC}") = "WpfApp1", "WpfApp1\WpfApp1.csproj", "{39BE63EC-A02B-4538-8F84-39CC05D72C37}"
EndProject
Global
	GlobalSection(SolutionConfigurationPlatforms) = preSolution
		Debug|Any CPU = Debug|Any CPU
		Release|Any CPU = Release|Any CPU
	EndGlobalSection
	GlobalSection(ProjectConfigurationPlatforms) = postSolution
		{39BE63EC-A02B-4538-8F84-39CC05D72C37}.Debug|Any CPU.ActiveCfg = Debug|Any CPU
		{39BE63EC-A02B-4538-8F84-39CC05D72C37}.Debug|Any CPU.Build.0 = Debug|Any CPU
		{39BE63EC-A02B-4538-8F84-39CC05D72C37}.Release|Any CPU.ActiveCfg = Release|Any CPU
		{39BE63EC-A02B-4538-8F84-39CC05D72C37}.Release|Any CPU.Build.0 = Release|Any CPU
	EndGlobalSection
	GlobalSection(SolutionProperties) = preSolution
		HideSolutionNode = FALSE
	EndGlobalSection
	GlobalSection(ExtensibilityGlobals) = postSolution
		SolutionGuid = {52F40F7A-F783-4228-B674-CC6C725262A8}
	EndGlobalSection
EndGlobal
